{
  "name": "pruebas-tecnicas",
  "version": "1.0.0",
  "lockfileVersion": 3,
  "requires": true,
  "packages": {
    "": {
      "name": "pruebas-tecnicas",
      "version": "1.0.0",
      "license": "ISC",
      "dependencies": {
        "shared-zustand": "^2.0.0"
      }
    },
    "node_modules/shared-zustand": {
      "version": "2.0.0",
      "resolved": "https://registry.npmjs.org/shared-zustand/-/shared-zustand-2.0.0.tgz",
      "integrity": "sha512-DKBWe2w62wZif79XcUXStBBQ47T4y3XEApueseZ1O3wEsMbamDK01ac0zQNVj4MOH9Z5jesM2oLuug/79LPM1A=="
    }
  }
}
