{
  "name": "pruebas-tecnicas",
  "version": "1.0.0",
  "lockfileVersion": 3,
  "requires": true,
  "packages": {
    "": {
      "name": "pruebas-tecnicas",
      "version": "1.0.0",
      "license": "ISC",
      "dependencies": {
        "primeicons": "^6.0.1",
        "primeng": "^16.0.2"
      }
    },
    "node_modules/@angular/common": {
      "version": "16.1.5",
      "resolved": "https://registry.npmjs.org/@angular/common/-/common-16.1.5.tgz",
      "integrity": "sha512-XQVIpICniWXXMoXsr6X7Q3pVcYBeQ0FZF06BNNolkkkVuReYpqr3TwWrZfuB9TUmxdF6R5WZ+M3NAdXodDDUNA==",
      "peer": true,
      "dependencies": {
        "tslib": "^2.3.0"
      },
      "engines": {
        "node": "^16.14.0 || >=18.10.0"
      },
      "peerDependencies": {
        "@angular/core": "16.1.5",
        "rxjs": "^6.5.3 || ^7.4.0"
      }
    },
    "node_modules/@angular/core": {
      "version": "16.1.5",
      "resolved": "https://registry.npmjs.org/@angular/core/-/core-16.1.5.tgz",
      "integrity": "sha512-xmk+WeL3qtFb3BM2hsEq/kGHJinqaTNVJkK/m4TiGArY+hjJwfCOeuTss7nOkKXvhRkZxU9VP0tej1w3QV5Yzw==",
      "peer": true,
      "dependencies": {
        "tslib": "^2.3.0"
      },
      "engines": {
        "node": "^16.14.0 || >=18.10.0"
      },
      "peerDependencies": {
        "rxjs": "^6.5.3 || ^7.4.0",
        "zone.js": "~0.13.0"
      }
    },
    "node_modules/@angular/forms": {
      "version": "16.1.5",
      "resolved": "https://registry.npmjs.org/@angular/forms/-/forms-16.1.5.tgz",
      "integrity": "sha512-4E/5msvODs5tixlkB1iHPsRv7jHj189WMpN2n7LKXT+l+jA3/rD2AbGnYVKR04gymN2x/HQ/qOrbvrqv3E1NBw==",
      "peer": true,
      "dependencies": {
        "tslib": "^2.3.0"
      },
      "engines": {
        "node": "^16.14.0 || >=18.10.0"
      },
      "peerDependencies": {
        "@angular/common": "16.1.5",
        "@angular/core": "16.1.5",
        "@angular/platform-browser": "16.1.5",
        "rxjs": "^6.5.3 || ^7.4.0"
      }
    },
    "node_modules/@angular/platform-browser": {
      "version": "16.1.5",
      "resolved": "https://registry.npmjs.org/@angular/platform-browser/-/platform-browser-16.1.5.tgz",
      "integrity": "sha512-TLM29KPr0A0pQ0YEmSy0JUOkfBXfwfBFzXQSt9SOiUs0wgDVVLMdGOpR/tbvBx2QfrSU3qgOX8P1FXIPJch6TQ==",
      "peer": true,
      "dependencies": {
        "tslib": "^2.3.0"
      },
      "engines": {
        "node": "^16.14.0 || >=18.10.0"
      },
      "peerDependencies": {
        "@angular/animations": "16.1.5",
        "@angular/common": "16.1.5",
        "@angular/core": "16.1.5"
      },
      "peerDependenciesMeta": {
        "@angular/animations": {
          "optional": true
        }
      }
    },
    "node_modules/primeicons": {
      "version": "6.0.1",
      "resolved": "https://registry.npmjs.org/primeicons/-/primeicons-6.0.1.tgz",
      "integrity": "sha512-KDeO94CbWI4pKsPnYpA1FPjo79EsY9I+M8ywoPBSf9XMXoe/0crjbUK7jcQEDHuc0ZMRIZsxH3TYLv4TUtHmAA=="
    },
    "node_modules/primeng": {
      "version": "16.0.2",
      "resolved": "https://registry.npmjs.org/primeng/-/primeng-16.0.2.tgz",
      "integrity": "sha512-gLFUSQ0fV5948yM1fMCv9oGaJ54AS8+HHSMOeR2lHWFiZzomxjXR0MST9yyAQ0NjrOlhke3BBpl+zYjISBeEJg==",
      "dependencies": {
        "tslib": "^2.3.0"
      },
      "peerDependencies": {
        "@angular/common": "^16.0.0",
        "@angular/core": "^16.0.0",
        "@angular/forms": "^16.0.0",
        "rxjs": "^6.0.0 || ^7.8.1",
        "zone.js": "~0.13.0"
      }
    },
    "node_modules/rxjs": {
      "version": "7.8.1",
      "resolved": "https://registry.npmjs.org/rxjs/-/rxjs-7.8.1.tgz",
      "integrity": "sha512-AA3TVj+0A2iuIoQkWEK/tqFjBq2j+6PO6Y0zJcvzLAFhEFIO3HL0vls9hWLncZbAAbK0mar7oZ4V079I/qPMxg==",
      "peer": true,
      "dependencies": {
        "tslib": "^2.1.0"
      }
    },
    "node_modules/tslib": {
      "version": "2.6.0",
      "resolved": "https://registry.npmjs.org/tslib/-/tslib-2.6.0.tgz",
      "integrity": "sha512-7At1WUettjcSRHXCyYtTselblcHl9PJFFVKiCAy/bY97+BPZXSQ2wbq0P9s8tK2G7dFQfNnlJnPAiArVBVBsfA=="
    },
    "node_modules/zone.js": {
      "version": "0.13.1",
      "resolved": "https://registry.npmjs.org/zone.js/-/zone.js-0.13.1.tgz",
      "integrity": "sha512-+bIeDAFEBYuXRuU3qGQvzdPap+N1zjM4KkBAiiQuVVCrHrhjDuY6VkUhNa5+U27+9w0q3fbKiMCbpJ0XzMmSWA==",
      "peer": true,
      "dependencies": {
        "tslib": "^2.3.0"
      }
    }
  }
}
